
Microsoft Visual Studio Solution File, Format Version 12.00
# Visual Studio Version 16
VisualStudioVersion = 16.0.30104.148
MinimumVisualStudioVersion = 10.0.40219.1
Project("{9A19103F-16F7-4668-BE54-9A1E7A4F7556}") = "HttpRequester", "HttpRequester\HttpRequester.csproj", "{7BADBA02-BB29-4000-B585-0E5543B1F4FF}"
EndProject
Global
	GlobalSection(SolutionConfigurationPlatforms) = preSolution
		Debug|Any CPU = Debug|Any CPU
		Release|Any CPU = Release|Any CPU
	EndGlobalSection
	GlobalSection(ProjectConfigurationPlatforms) = postSolution
		{7BADBA02-BB29-4000-B585-0E5543B1F4FF}.Debug|Any CPU.ActiveCfg = Debug|Any CPU
		{7BADBA02-BB29-4000-B585-0E5543B1F4FF}.Debug|Any CPU.Build.0 = Debug|Any CPU
		{7BADBA02-BB29-4000-B585-0E5543B1F4FF}.Release|Any CPU.ActiveCfg = Release|Any CPU
		{7BADBA02-BB29-4000-B585-0E5543B1F4FF}.Release|Any CPU.Build.0 = Release|Any CPU
	EndGlobalSection
	GlobalSection(SolutionProperties) = preSolution
		HideSolutionNode = FALSE
	EndGlobalSection
	GlobalSection(ExtensibilityGlobals) = postSolution
		SolutionGuid = {AD29C52B-3A7E-4ED3-915F-180A1D087511}
	EndGlobalSection
EndGlobal
